Microsoft Visual Studio Solution File, Format Version 12.00
# Visual Studio Version 18
VisualStudioVersion = 18.3.11312.210 d18.3
MinimumVisualStudioVersion = 10.0.40219.1
Project("{FAE04EC0-301F-11D3-BF4B-00C04F79EFBC}") = "MacroRecorder", "MacroRecorder\MacroRecorder.csproj", "{8B432F62-0974-4737-8F05-A0D3A790942A}"
EndProject
Project("{9A19103F-16F7-4668-BE54-9A1E7A4F7556}") = "MacroRecorder.Gui", "MacroRecorder.Gui\MacroRecorder.Gui.csproj", "{AE8DF539-0309-4202-AFDE-A62E3ECBCF99}"
EndProject
Global
	GlobalSection(SolutionConfigurationPlatforms) = preSolution
		Debug|Any CPU = Debug|Any CPU
		Release|Any CPU = Release|Any CPU
	EndGlobalSection
	GlobalSection(ProjectConfigurationPlatforms) = postSolution
		{8B432F62-0974-4737-8F05-A0D3A790942A}.Debug|Any CPU.ActiveCfg = Debug|Any CPU
		{8B432F62-0974-4737-8F05-A0D3A790942A}.Debug|Any CPU.Build.0 = Debug|Any CPU
		{8B432F62-0974-4737-8F05-A0D3A790942A}.Release|Any CPU.ActiveCfg = Release|Any CPU
		{8B432F62-0974-4737-8F05-A0D3A790942A}.Release|Any CPU.Build.0 = Release|Any CPU
		{AE8DF539-0309-4202-AFDE-A62E3ECBCF99}.Debug|Any CPU.ActiveCfg = Debug|Any CPU
		{AE8DF539-0309-4202-AFDE-A62E3ECBCF99}.Debug|Any CPU.Build.0 = Debug|Any CPU
		{AE8DF539-0309-4202-AFDE-A62E3ECBCF99}.Release|Any CPU.ActiveCfg = Release|Any CPU
		{AE8DF539-0309-4202-AFDE-A62E3ECBCF99}.Release|Any CPU.Build.0 = Release|Any CPU
	EndGlobalSection
	GlobalSection(SolutionProperties) = preSolution
		HideSolutionNode = FALSE
	EndGlobalSection
EndGlobal
